{
  "pins" : [
    {
      "identity" : "down",
      "kind" : "remoteSourceControl",
      "location" : "https://github.com/shadone/Down",
      "state" : {
        "branch" : "main",
        "revision" : "fc2b73e163bf71748f237e53106939687f419dbc"
      }
    },
    {
      "identity" : "keychainaccess",
      "kind" : "remoteSourceControl",
      "location" : "https://github.com/kishikawakatsumi/KeychainAccess",
      "state" : {
        "revision" : "84e546727d66f1adc5439debad16270d0fdd04e7",
        "version" : "4.2.2"
      }
    },
    {
      "identity" : "lemmykit",
      "kind" : "remoteSourceControl",
      "location" : "https://github.com/shadone/LemmyKit",
      "state" : {
        "branch" : "main",
        "revision" : "55e7fc1a920a0cab0f477e6ecbd4b1d5d848cb38"
      }
    },
    {
      "identity" : "sbtuitesttunnel",
      "kind" : "remoteSourceControl",
      "location" : "https://github.com/Subito-it/SBTUITestTunnel",
      "state" : {
        "branch" : "master",
        "revision" : "a1d7e2fce724d09793c7a52ba12c3a98eee89071"
      }
    },
    {
      "identity" : "semver",
      "kind" : "remoteSourceControl",
      "location" : "https://github.com/sersoft-gmbh/semver",
      "state" : {
        "revision" : "405806381f52ea32fe4406adf066ed58ee0b9d25",
        "version" : "3.6.0"
      }
    },
    {
      "identity" : "swift-cmark",
      "kind" : "remoteSourceControl",
      "location" : "https://github.com/apple/swift-cmark.git",
      "state" : {
        "branch" : "gfm",
        "revision" : "3bc2f3e25df0cecc5dc269f7ccae65d0f386f06a"
      }
    },
    {
      "identity" : "swift-markdown",
      "kind" : "remoteSourceControl",
      "location" : "https://github.com/apple/swift-markdown.git",
      "state" : {
        "branch" : "main",
        "revision" : "c211079c200ce2c5f68160bf75ded005b1c945f1"
      }
    },
    {
      "identity" : "swift-snapshot-testing",
      "kind" : "remoteSourceControl",
      "location" : "https://github.com/pointfreeco/swift-snapshot-testing",
      "state" : {
        "revision" : "dc46eeb3928a75390651fac6c1ef7f93ad59a73b",
        "version" : "1.11.1"
      }
    }
  ],
  "version" : 2
}
