{
  "pins" : [
    {
      "identity" : "down",
      "kind" : "remoteSourceControl",
      "location" : "https://github.com/johnxnguyen/Down",
      "state" : {
        "branch" : "master",
        "revision" : "e754ab1c80920dd51a8e08290c912ac1c2ac8b58"
      }
    },
    {
      "identity" : "keychainaccess",
      "kind" : "remoteSourceControl",
      "location" : "https://github.com/kishikawakatsumi/KeychainAccess",
      "state" : {
        "revision" : "84e546727d66f1adc5439debad16270d0fdd04e7",
        "version" : "4.2.2"
      }
    },
    {
      "identity" : "lemmykit",
      "kind" : "remoteSourceControl",
      "location" : "https://github.com/shadone/LemmyKit",
      "state" : {
        "branch" : "main",
        "revision" : "bbb01ad516d2b78393d4609d09788a4203c23d47"
      }
    },
    {
      "identity" : "sbtuitesttunnel",
      "kind" : "remoteSourceControl",
      "location" : "https://github.com/Subito-it/SBTUITestTunnel",
      "state" : {
        "branch" : "master",
        "revision" : "a1d7e2fce724d09793c7a52ba12c3a98eee89071"
      }
    },
    {
      "identity" : "semver",
      "kind" : "remoteSourceControl",
      "location" : "https://github.com/sersoft-gmbh/semver",
      "state" : {
        "revision" : "405806381f52ea32fe4406adf066ed58ee0b9d25",
        "version" : "3.6.0"
      }
    }
  ],
  "version" : 2
}
