// !$*UTF8*$!
{
	archiveVersion = 1;
	classes = {
	};
	objectVersion = 55;
	objects = {

/* Begin PBXBuildFile section */
		92B7C8FE2A3A40EB00672F64 /* AppDelegate.swift in Sources */ = {isa = PBXBuildFile; fileRef = 92B7C8FD2A3A40EB00672F64 /* AppDelegate.swift */; };
		92B7C9002A3A40EB00672F64 /* SceneDelegate.swift in Sources */ = {isa = PBXBuildFile; fileRef = 92B7C8FF2A3A40EB00672F64 /* SceneDelegate.swift */; };
		92B7C9022A3A40EB00672F64 /* PostListViewController.swift in Sources */ = {isa = PBXBuildFile; fileRef = 92B7C9012A3A40EB00672F64 /* PostListViewController.swift */; };
		92B7C9082A3A40EB00672F64 /* DataStore.xcdatamodeld in Sources */ = {isa = PBXBuildFile; fileRef = 92B7C9062A3A40EB00672F64 /* DataStore.xcdatamodeld */; };
		92B7C90A2A3A40F400672F64 /* Assets.xcassets in Resources */ = {isa = PBXBuildFile; fileRef = 92B7C9092A3A40F400672F64 /* Assets.xcassets */; };
		92B7C90D2A3A40F400672F64 /* LaunchScreen.storyboard in Resources */ = {isa = PBXBuildFile; fileRef = 92B7C90B2A3A40F400672F64 /* LaunchScreen.storyboard */; };
		92B7C9182A3A40F400672F64 /* SpudTests.swift in Sources */ = {isa = PBXBuildFile; fileRef = 92B7C9172A3A40F400672F64 /* SpudTests.swift */; };
		92B7C9222A3A40F400672F64 /* SpudUITests.swift in Sources */ = {isa = PBXBuildFile; fileRef = 92B7C9212A3A40F400672F64 /* SpudUITests.swift */; };
		92B7C9242A3A40F400672F64 /* SpudUITestsLaunchTests.swift in Sources */ = {isa = PBXBuildFile; fileRef = 92B7C9232A3A40F400672F64 /* SpudUITestsLaunchTests.swift */; };
		92B7C9312A3A493C00672F64 /* PostListPostCell.swift in Sources */ = {isa = PBXBuildFile; fileRef = 92B7C9302A3A493C00672F64 /* PostListPostCell.swift */; };
		92B7C9392A3A59E600672F64 /* DataStore.swift in Sources */ = {isa = PBXBuildFile; fileRef = 92B7C9382A3A59E600672F64 /* DataStore.swift */; };
		92B7C93B2A3A5B1E00672F64 /* DependencyContainer.swift in Sources */ = {isa = PBXBuildFile; fileRef = 92B7C93A2A3A5B1E00672F64 /* DependencyContainer.swift */; };
		92B7C93E2A3A5C3A00672F64 /* OSLog.swift in Sources */ = {isa = PBXBuildFile; fileRef = 92B7C93D2A3A5C3A00672F64 /* OSLog.swift */; };
		92B7C9412A3A5DD800672F64 /* LemmyService.swift in Sources */ = {isa = PBXBuildFile; fileRef = 92B7C9402A3A5DD800672F64 /* LemmyService.swift */; };
		92B7C9462A3A5E7100672F64 /* LemmyKit in Frameworks */ = {isa = PBXBuildFile; productRef = 92B7C9452A3A5E7100672F64 /* LemmyKit */; };
		92B7C94B2A3A604300672F64 /* LemmyFeed.swift in Sources */ = {isa = PBXBuildFile; fileRef = 92B7C94A2A3A604300672F64 /* LemmyFeed.swift */; };
		92B7C94D2A3A658700672F64 /* LemmyPage.swift in Sources */ = {isa = PBXBuildFile; fileRef = 92B7C94C2A3A658700672F64 /* LemmyPage.swift */; };
		92B7C94F2A3A65BA00672F64 /* LemmyPageElement.swift in Sources */ = {isa = PBXBuildFile; fileRef = 92B7C94E2A3A65BA00672F64 /* LemmyPageElement.swift */; };
		92B7C9512A3A65E200672F64 /* LemmyPost.swift in Sources */ = {isa = PBXBuildFile; fileRef = 92B7C9502A3A65E200672F64 /* LemmyPost.swift */; };
		92B7C9532A3A667E00672F64 /* LemmyFeed+FeedType.swift in Sources */ = {isa = PBXBuildFile; fileRef = 92B7C9522A3A667E00672F64 /* LemmyFeed+FeedType.swift */; };
		92B7C9562A3A738500672F64 /* LemmyFeed+import.swift in Sources */ = {isa = PBXBuildFile; fileRef = 92B7C9552A3A738500672F64 /* LemmyFeed+import.swift */; };
		92B7C9582A3A745B00672F64 /* LemmyPage+import.swift in Sources */ = {isa = PBXBuildFile; fileRef = 92B7C9572A3A745B00672F64 /* LemmyPage+import.swift */; };
		92B7C95A2A3A74BE00672F64 /* LemmyPost+import.swift in Sources */ = {isa = PBXBuildFile; fileRef = 92B7C9592A3A74BE00672F64 /* LemmyPost+import.swift */; };
		92B7C95E2A3B5A7800672F64 /* LemmyAccount.swift in Sources */ = {isa = PBXBuildFile; fileRef = 92B7C95D2A3B5A7800672F64 /* LemmyAccount.swift */; };
		92B7C9612A3B5E8C00672F64 /* AccountService.swift in Sources */ = {isa = PBXBuildFile; fileRef = 92B7C9602A3B5E8C00672F64 /* AccountService.swift */; };
		92B7C9632A3B9EC700672F64 /* PostListViewModel.swift in Sources */ = {isa = PBXBuildFile; fileRef = 92B7C9622A3B9EC700672F64 /* PostListViewModel.swift */; };
		92B7C9652A3BA64900672F64 /* ManagedContextScheduler.swift in Sources */ = {isa = PBXBuildFile; fileRef = 92B7C9642A3BA64900672F64 /* ManagedContextScheduler.swift */; };
		92B7C9672A3D003B00672F64 /* PostListPostViewModel.swift in Sources */ = {isa = PBXBuildFile; fileRef = 92B7C9662A3D003B00672F64 /* PostListPostViewModel.swift */; };
		92B7C9692A3D101300672F64 /* Publisher+wrapInOptional.swift in Sources */ = {isa = PBXBuildFile; fileRef = 92B7C9682A3D101300672F64 /* Publisher+wrapInOptional.swift */; };
/* End PBXBuildFile section */

/* Begin PBXContainerItemProxy section */
		92B7C9142A3A40F400672F64 /* PBXContainerItemProxy */ = {
			isa = PBXContainerItemProxy;
			containerPortal = 92B7C8F22A3A40EB00672F64 /* Project object */;
			proxyType = 1;
			remoteGlobalIDString = 92B7C8F92A3A40EB00672F64;
			remoteInfo = Spud;
		};
		92B7C91E2A3A40F400672F64 /* PBXContainerItemProxy */ = {
			isa = PBXContainerItemProxy;
			containerPortal = 92B7C8F22A3A40EB00672F64 /* Project object */;
			proxyType = 1;
			remoteGlobalIDString = 92B7C8F92A3A40EB00672F64;
			remoteInfo = Spud;
		};
/* End PBXContainerItemProxy section */

/* Begin PBXFileReference section */
		92B7C8FA2A3A40EB00672F64 /* Spud.app */ = {isa = PBXFileReference; explicitFileType = wrapper.application; includeInIndex = 0; path = Spud.app; sourceTree = BUILT_PRODUCTS_DIR; };
		92B7C8FD2A3A40EB00672F64 /* AppDelegate.swift */ = {isa = PBXFileReference; lastKnownFileType = sourcecode.swift; path = AppDelegate.swift; sourceTree = "<group>"; };
		92B7C8FF2A3A40EB00672F64 /* SceneDelegate.swift */ = {isa = PBXFileReference; lastKnownFileType = sourcecode.swift; path = SceneDelegate.swift; sourceTree = "<group>"; };
		92B7C9012A3A40EB00672F64 /* PostListViewController.swift */ = {isa = PBXFileReference; lastKnownFileType = sourcecode.swift; path = PostListViewController.swift; sourceTree = "<group>"; };
		92B7C9072A3A40EB00672F64 /* Spud.xcdatamodel */ = {isa = PBXFileReference; lastKnownFileType = wrapper.xcdatamodel; path = Spud.xcdatamodel; sourceTree = "<group>"; };
		92B7C9092A3A40F400672F64 /* Assets.xcassets */ = {isa = PBXFileReference; lastKnownFileType = folder.assetcatalog; path = Assets.xcassets; sourceTree = "<group>"; };
		92B7C90C2A3A40F400672F64 /* Base */ = {isa = PBXFileReference; lastKnownFileType = file.storyboard; name = Base; path = Base.lproj/LaunchScreen.storyboard; sourceTree = "<group>"; };
		92B7C90E2A3A40F400672F64 /* Info.plist */ = {isa = PBXFileReference; lastKnownFileType = text.plist.xml; path = Info.plist; sourceTree = "<group>"; };
		92B7C9132A3A40F400672F64 /* SpudTests.xctest */ = {isa = PBXFileReference; explicitFileType = wrapper.cfbundle; includeInIndex = 0; path = SpudTests.xctest; sourceTree = BUILT_PRODUCTS_DIR; };
		92B7C9172A3A40F400672F64 /* SpudTests.swift */ = {isa = PBXFileReference; lastKnownFileType = sourcecode.swift; path = SpudTests.swift; sourceTree = "<group>"; };
		92B7C91D2A3A40F400672F64 /* SpudUITests.xctest */ = {isa = PBXFileReference; explicitFileType = wrapper.cfbundle; includeInIndex = 0; path = SpudUITests.xctest; sourceTree = BUILT_PRODUCTS_DIR; };
		92B7C9212A3A40F400672F64 /* SpudUITests.swift */ = {isa = PBXFileReference; lastKnownFileType = sourcecode.swift; path = SpudUITests.swift; sourceTree = "<group>"; };
		92B7C9232A3A40F400672F64 /* SpudUITestsLaunchTests.swift */ = {isa = PBXFileReference; lastKnownFileType = sourcecode.swift; path = SpudUITestsLaunchTests.swift; sourceTree = "<group>"; };
		92B7C9302A3A493C00672F64 /* PostListPostCell.swift */ = {isa = PBXFileReference; lastKnownFileType = sourcecode.swift; path = PostListPostCell.swift; sourceTree = "<group>"; };
		92B7C9382A3A59E600672F64 /* DataStore.swift */ = {isa = PBXFileReference; lastKnownFileType = sourcecode.swift; path = DataStore.swift; sourceTree = "<group>"; };
		92B7C93A2A3A5B1E00672F64 /* DependencyContainer.swift */ = {isa = PBXFileReference; lastKnownFileType = sourcecode.swift; path = DependencyContainer.swift; sourceTree = "<group>"; };
		92B7C93D2A3A5C3A00672F64 /* OSLog.swift */ = {isa = PBXFileReference; lastKnownFileType = sourcecode.swift; path = OSLog.swift; sourceTree = "<group>"; };
		92B7C9402A3A5DD800672F64 /* LemmyService.swift */ = {isa = PBXFileReference; lastKnownFileType = sourcecode.swift; path = LemmyService.swift; sourceTree = "<group>"; };
		92B7C9432A3A5E1400672F64 /* LemmyKit */ = {isa = PBXFileReference; lastKnownFileType = wrapper; name = LemmyKit; path = ../LemmyKit; sourceTree = "<group>"; };
		92B7C94A2A3A604300672F64 /* LemmyFeed.swift */ = {isa = PBXFileReference; lastKnownFileType = sourcecode.swift; path = LemmyFeed.swift; sourceTree = "<group>"; };
		92B7C94C2A3A658700672F64 /* LemmyPage.swift */ = {isa = PBXFileReference; lastKnownFileType = sourcecode.swift; path = LemmyPage.swift; sourceTree = "<group>"; };
		92B7C94E2A3A65BA00672F64 /* LemmyPageElement.swift */ = {isa = PBXFileReference; lastKnownFileType = sourcecode.swift; path = LemmyPageElement.swift; sourceTree = "<group>"; };
		92B7C9502A3A65E200672F64 /* LemmyPost.swift */ = {isa = PBXFileReference; lastKnownFileType = sourcecode.swift; path = LemmyPost.swift; sourceTree = "<group>"; };
		92B7C9522A3A667E00672F64 /* LemmyFeed+FeedType.swift */ = {isa = PBXFileReference; lastKnownFileType = sourcecode.swift; path = "LemmyFeed+FeedType.swift"; sourceTree = "<group>"; };
		92B7C9552A3A738500672F64 /* LemmyFeed+import.swift */ = {isa = PBXFileReference; lastKnownFileType = sourcecode.swift; path = "LemmyFeed+import.swift"; sourceTree = "<group>"; };
		92B7C9572A3A745B00672F64 /* LemmyPage+import.swift */ = {isa = PBXFileReference; lastKnownFileType = sourcecode.swift; path = "LemmyPage+import.swift"; sourceTree = "<group>"; };
		92B7C9592A3A74BE00672F64 /* LemmyPost+import.swift */ = {isa = PBXFileReference; lastKnownFileType = sourcecode.swift; path = "LemmyPost+import.swift"; sourceTree = "<group>"; };
		92B7C95D2A3B5A7800672F64 /* LemmyAccount.swift */ = {isa = PBXFileReference; lastKnownFileType = sourcecode.swift; path = LemmyAccount.swift; sourceTree = "<group>"; };
		92B7C9602A3B5E8C00672F64 /* AccountService.swift */ = {isa = PBXFileReference; lastKnownFileType = sourcecode.swift; path = AccountService.swift; sourceTree = "<group>"; };
		92B7C9622A3B9EC700672F64 /* PostListViewModel.swift */ = {isa = PBXFileReference; lastKnownFileType = sourcecode.swift; path = PostListViewModel.swift; sourceTree = "<group>"; };
		92B7C9642A3BA64900672F64 /* ManagedContextScheduler.swift */ = {isa = PBXFileReference; lastKnownFileType = sourcecode.swift; path = ManagedContextScheduler.swift; sourceTree = "<group>"; };
		92B7C9662A3D003B00672F64 /* PostListPostViewModel.swift */ = {isa = PBXFileReference; lastKnownFileType = sourcecode.swift; path = PostListPostViewModel.swift; sourceTree = "<group>"; };
		92B7C9682A3D101300672F64 /* Publisher+wrapInOptional.swift */ = {isa = PBXFileReference; lastKnownFileType = sourcecode.swift; path = "Publisher+wrapInOptional.swift"; sourceTree = "<group>"; };
/* End PBXFileReference section */

/* Begin PBXFrameworksBuildPhase section */
		92B7C8F72A3A40EB00672F64 /* Frameworks */ = {
			isa = PBXFrameworksBuildPhase;
			buildActionMask = 2147483647;
			files = (
				92B7C9462A3A5E7100672F64 /* LemmyKit in Frameworks */,
			);
			runOnlyForDeploymentPostprocessing = 0;
		};
		92B7C9102A3A40F400672F64 /* Frameworks */ = {
			isa = PBXFrameworksBuildPhase;
			buildActionMask = 2147483647;
			files = (
			);
			runOnlyForDeploymentPostprocessing = 0;
		};
		92B7C91A2A3A40F400672F64 /* Frameworks */ = {
			isa = PBXFrameworksBuildPhase;
			buildActionMask = 2147483647;
			files = (
			);
			runOnlyForDeploymentPostprocessing = 0;
		};
/* End PBXFrameworksBuildPhase section */

/* Begin PBXGroup section */
		92B7C8F12A3A40EB00672F64 = {
			isa = PBXGroup;
			children = (
				92B7C9422A3A5E1400672F64 /* Packages */,
				92B7C8FC2A3A40EB00672F64 /* Spud */,
				92B7C9162A3A40F400672F64 /* SpudTests */,
				92B7C9202A3A40F400672F64 /* SpudUITests */,
				92B7C8FB2A3A40EB00672F64 /* Products */,
				92B7C9442A3A5E7100672F64 /* Frameworks */,
			);
			sourceTree = "<group>";
		};
		92B7C8FB2A3A40EB00672F64 /* Products */ = {
			isa = PBXGroup;
			children = (
				92B7C8FA2A3A40EB00672F64 /* Spud.app */,
				92B7C9132A3A40F400672F64 /* SpudTests.xctest */,
				92B7C91D2A3A40F400672F64 /* SpudUITests.xctest */,
			);
			name = Products;
			sourceTree = "<group>";
		};
		92B7C8FC2A3A40EB00672F64 /* Spud */ = {
			isa = PBXGroup;
			children = (
				92B7C9322A3A592B00672F64 /* App */,
				92B7C9332A3A593800672F64 /* Resources */,
				92B7C9342A3A598900672F64 /* Scenes */,
				92B7C9362A3A59A000672F64 /* Services */,
				92B7C93C2A3A5C1B00672F64 /* Utils */,
			);
			path = Spud;
			sourceTree = "<group>";
		};
		92B7C9162A3A40F400672F64 /* SpudTests */ = {
			isa = PBXGroup;
			children = (
				92B7C9172A3A40F400672F64 /* SpudTests.swift */,
			);
			path = SpudTests;
			sourceTree = "<group>";
		};
		92B7C9202A3A40F400672F64 /* SpudUITests */ = {
			isa = PBXGroup;
			children = (
				92B7C9212A3A40F400672F64 /* SpudUITests.swift */,
				92B7C9232A3A40F400672F64 /* SpudUITestsLaunchTests.swift */,
			);
			path = SpudUITests;
			sourceTree = "<group>";
		};
		92B7C9322A3A592B00672F64 /* App */ = {
			isa = PBXGroup;
			children = (
				92B7C8FD2A3A40EB00672F64 /* AppDelegate.swift */,
				92B7C93A2A3A5B1E00672F64 /* DependencyContainer.swift */,
				92B7C8FF2A3A40EB00672F64 /* SceneDelegate.swift */,
			);
			path = App;
			sourceTree = "<group>";
		};
		92B7C9332A3A593800672F64 /* Resources */ = {
			isa = PBXGroup;
			children = (
				92B7C9092A3A40F400672F64 /* Assets.xcassets */,
				92B7C90E2A3A40F400672F64 /* Info.plist */,
				92B7C90B2A3A40F400672F64 /* LaunchScreen.storyboard */,
			);
			path = Resources;
			sourceTree = "<group>";
		};
		92B7C9342A3A598900672F64 /* Scenes */ = {
			isa = PBXGroup;
			children = (
				92B7C9352A3A599000672F64 /* PostList */,
			);
			path = Scenes;
			sourceTree = "<group>";
		};
		92B7C9352A3A599000672F64 /* PostList */ = {
			isa = PBXGroup;
			children = (
				92B7C9302A3A493C00672F64 /* PostListPostCell.swift */,
				92B7C9662A3D003B00672F64 /* PostListPostViewModel.swift */,
				92B7C9012A3A40EB00672F64 /* PostListViewController.swift */,
				92B7C9622A3B9EC700672F64 /* PostListViewModel.swift */,
			);
			path = PostList;
			sourceTree = "<group>";
		};
		92B7C9362A3A59A000672F64 /* Services */ = {
			isa = PBXGroup;
			children = (
				92B7C95F2A3B5E7000672F64 /* Account */,
				92B7C9372A3A59AD00672F64 /* DataStore */,
				92B7C93F2A3A5DC800672F64 /* Lemmy */,
			);
			path = Services;
			sourceTree = "<group>";
		};
		92B7C9372A3A59AD00672F64 /* DataStore */ = {
			isa = PBXGroup;
			children = (
				92B7C9382A3A59E600672F64 /* DataStore.swift */,
				92B7C9062A3A40EB00672F64 /* DataStore.xcdatamodeld */,
				92B7C9492A3A603900672F64 /* Models */,
			);
			path = DataStore;
			sourceTree = "<group>";
		};
		92B7C93C2A3A5C1B00672F64 /* Utils */ = {
			isa = PBXGroup;
			children = (
				92B7C9642A3BA64900672F64 /* ManagedContextScheduler.swift */,
				92B7C93D2A3A5C3A00672F64 /* OSLog.swift */,
				92B7C9682A3D101300672F64 /* Publisher+wrapInOptional.swift */,
			);
			path = Utils;
			sourceTree = "<group>";
		};
		92B7C93F2A3A5DC800672F64 /* Lemmy */ = {
			isa = PBXGroup;
			children = (
				92B7C9542A3A737A00672F64 /* ImportHelpers */,
				92B7C9402A3A5DD800672F64 /* LemmyService.swift */,
			);
			path = Lemmy;
			sourceTree = "<group>";
		};
		92B7C9422A3A5E1400672F64 /* Packages */ = {
			isa = PBXGroup;
			children = (
				92B7C9432A3A5E1400672F64 /* LemmyKit */,
			);
			name = Packages;
			sourceTree = "<group>";
		};
		92B7C9442A3A5E7100672F64 /* Frameworks */ = {
			isa = PBXGroup;
			children = (
			);
			name = Frameworks;
			sourceTree = "<group>";
		};
		92B7C9492A3A603900672F64 /* Models */ = {
			isa = PBXGroup;
			children = (
				92B7C95D2A3B5A7800672F64 /* LemmyAccount.swift */,
				92B7C94A2A3A604300672F64 /* LemmyFeed.swift */,
				92B7C9522A3A667E00672F64 /* LemmyFeed+FeedType.swift */,
				92B7C94C2A3A658700672F64 /* LemmyPage.swift */,
				92B7C94E2A3A65BA00672F64 /* LemmyPageElement.swift */,
				92B7C9502A3A65E200672F64 /* LemmyPost.swift */,
			);
			path = Models;
			sourceTree = "<group>";
		};
		92B7C9542A3A737A00672F64 /* ImportHelpers */ = {
			isa = PBXGroup;
			children = (
				92B7C9552A3A738500672F64 /* LemmyFeed+import.swift */,
				92B7C9572A3A745B00672F64 /* LemmyPage+import.swift */,
				92B7C9592A3A74BE00672F64 /* LemmyPost+import.swift */,
			);
			path = ImportHelpers;
			sourceTree = "<group>";
		};
		92B7C95F2A3B5E7000672F64 /* Account */ = {
			isa = PBXGroup;
			children = (
				92B7C9602A3B5E8C00672F64 /* AccountService.swift */,
			);
			path = Account;
			sourceTree = "<group>";
		};
/* End PBXGroup section */

/* Begin PBXNativeTarget section */
		92B7C8F92A3A40EB00672F64 /* Spud */ = {
			isa = PBXNativeTarget;
			buildConfigurationList = 92B7C9272A3A40F400672F64 /* Build configuration list for PBXNativeTarget "Spud" */;
			buildPhases = (
				92B7C8F62A3A40EB00672F64 /* Sources */,
				92B7C8F72A3A40EB00672F64 /* Frameworks */,
				92B7C8F82A3A40EB00672F64 /* Resources */,
			);
			buildRules = (
			);
			dependencies = (
			);
			name = Spud;
			packageProductDependencies = (
				92B7C9452A3A5E7100672F64 /* LemmyKit */,
			);
			productName = Spud;
			productReference = 92B7C8FA2A3A40EB00672F64 /* Spud.app */;
			productType = "com.apple.product-type.application";
		};
		92B7C9122A3A40F400672F64 /* SpudTests */ = {
			isa = PBXNativeTarget;
			buildConfigurationList = 92B7C92A2A3A40F400672F64 /* Build configuration list for PBXNativeTarget "SpudTests" */;
			buildPhases = (
				92B7C90F2A3A40F400672F64 /* Sources */,
				92B7C9102A3A40F400672F64 /* Frameworks */,
				92B7C9112A3A40F400672F64 /* Resources */,
			);
			buildRules = (
			);
			dependencies = (
				92B7C9152A3A40F400672F64 /* PBXTargetDependency */,
			);
			name = SpudTests;
			productName = SpudTests;
			productReference = 92B7C9132A3A40F400672F64 /* SpudTests.xctest */;
			productType = "com.apple.product-type.bundle.unit-test";
		};
		92B7C91C2A3A40F400672F64 /* SpudUITests */ = {
			isa = PBXNativeTarget;
			buildConfigurationList = 92B7C92D2A3A40F400672F64 /* Build configuration list for PBXNativeTarget "SpudUITests" */;
			buildPhases = (
				92B7C9192A3A40F400672F64 /* Sources */,
				92B7C91A2A3A40F400672F64 /* Frameworks */,
				92B7C91B2A3A40F400672F64 /* Resources */,
			);
			buildRules = (
			);
			dependencies = (
				92B7C91F2A3A40F400672F64 /* PBXTargetDependency */,
			);
			name = SpudUITests;
			productName = SpudUITests;
			productReference = 92B7C91D2A3A40F400672F64 /* SpudUITests.xctest */;
			productType = "com.apple.product-type.bundle.ui-testing";
		};
/* End PBXNativeTarget section */

/* Begin PBXProject section */
		92B7C8F22A3A40EB00672F64 /* Project object */ = {
			isa = PBXProject;
			attributes = {
				BuildIndependentTargetsInParallel = 1;
				LastSwiftUpdateCheck = 1320;
				LastUpgradeCheck = 1320;
				TargetAttributes = {
					92B7C8F92A3A40EB00672F64 = {
						CreatedOnToolsVersion = 13.2.1;
					};
					92B7C9122A3A40F400672F64 = {
						CreatedOnToolsVersion = 13.2.1;
						TestTargetID = 92B7C8F92A3A40EB00672F64;
					};
					92B7C91C2A3A40F400672F64 = {
						CreatedOnToolsVersion = 13.2.1;
						TestTargetID = 92B7C8F92A3A40EB00672F64;
					};
				};
			};
			buildConfigurationList = 92B7C8F52A3A40EB00672F64 /* Build configuration list for PBXProject "Spud" */;
			compatibilityVersion = "Xcode 13.0";
			developmentRegion = en;
			hasScannedForEncodings = 0;
			knownRegions = (
				en,
				Base,
			);
			mainGroup = 92B7C8F12A3A40EB00672F64;
			productRefGroup = 92B7C8FB2A3A40EB00672F64 /* Products */;
			projectDirPath = "";
			projectRoot = "";
			targets = (
				92B7C8F92A3A40EB00672F64 /* Spud */,
				92B7C9122A3A40F400672F64 /* SpudTests */,
				92B7C91C2A3A40F400672F64 /* SpudUITests */,
			);
		};
/* End PBXProject section */

/* Begin PBXResourcesBuildPhase section */
		92B7C8F82A3A40EB00672F64 /* Resources */ = {
			isa = PBXResourcesBuildPhase;
			buildActionMask = 2147483647;
			files = (
				92B7C90D2A3A40F400672F64 /* LaunchScreen.storyboard in Resources */,
				92B7C90A2A3A40F400672F64 /* Assets.xcassets in Resources */,
			);
			runOnlyForDeploymentPostprocessing = 0;
		};
		92B7C9112A3A40F400672F64 /* Resources */ = {
			isa = PBXResourcesBuildPhase;
			buildActionMask = 2147483647;
			files = (
			);
			runOnlyForDeploymentPostprocessing = 0;
		};
		92B7C91B2A3A40F400672F64 /* Resources */ = {
			isa = PBXResourcesBuildPhase;
			buildActionMask = 2147483647;
			files = (
			);
			runOnlyForDeploymentPostprocessing = 0;
		};
/* End PBXResourcesBuildPhase section */

/* Begin PBXSourcesBuildPhase section */
		92B7C8F62A3A40EB00672F64 /* Sources */ = {
			isa = PBXSourcesBuildPhase;
			buildActionMask = 2147483647;
			files = (
				92B7C9532A3A667E00672F64 /* LemmyFeed+FeedType.swift in Sources */,
				92B7C93B2A3A5B1E00672F64 /* DependencyContainer.swift in Sources */,
				92B7C9022A3A40EB00672F64 /* PostListViewController.swift in Sources */,
				92B7C9412A3A5DD800672F64 /* LemmyService.swift in Sources */,
				92B7C9692A3D101300672F64 /* Publisher+wrapInOptional.swift in Sources */,
				92B7C93E2A3A5C3A00672F64 /* OSLog.swift in Sources */,
				92B7C9312A3A493C00672F64 /* PostListPostCell.swift in Sources */,
				92B7C94B2A3A604300672F64 /* LemmyFeed.swift in Sources */,
				92B7C95A2A3A74BE00672F64 /* LemmyPost+import.swift in Sources */,
				92B7C9672A3D003B00672F64 /* PostListPostViewModel.swift in Sources */,
				92B7C9512A3A65E200672F64 /* LemmyPost.swift in Sources */,
				92B7C9392A3A59E600672F64 /* DataStore.swift in Sources */,
				92B7C9612A3B5E8C00672F64 /* AccountService.swift in Sources */,
				92B7C95E2A3B5A7800672F64 /* LemmyAccount.swift in Sources */,
				92B7C9632A3B9EC700672F64 /* PostListViewModel.swift in Sources */,
				92B7C9082A3A40EB00672F64 /* DataStore.xcdatamodeld in Sources */,
				92B7C8FE2A3A40EB00672F64 /* AppDelegate.swift in Sources */,
				92B7C9002A3A40EB00672F64 /* SceneDelegate.swift in Sources */,
				92B7C94F2A3A65BA00672F64 /* LemmyPageElement.swift in Sources */,
				92B7C94D2A3A658700672F64 /* LemmyPage.swift in Sources */,
				92B7C9652A3BA64900672F64 /* ManagedContextScheduler.swift in Sources */,
				92B7C9562A3A738500672F64 /* LemmyFeed+import.swift in Sources */,
				92B7C9582A3A745B00672F64 /* LemmyPage+import.swift in Sources */,
			);
			runOnlyForDeploymentPostprocessing = 0;
		};
		92B7C90F2A3A40F400672F64 /* Sources */ = {
			isa = PBXSourcesBuildPhase;
			buildActionMask = 2147483647;
			files = (
				92B7C9182A3A40F400672F64 /* SpudTests.swift in Sources */,
			);
			runOnlyForDeploymentPostprocessing = 0;
		};
		92B7C9192A3A40F400672F64 /* Sources */ = {
			isa = PBXSourcesBuildPhase;
			buildActionMask = 2147483647;
			files = (
				92B7C9242A3A40F400672F64 /* SpudUITestsLaunchTests.swift in Sources */,
				92B7C9222A3A40F400672F64 /* SpudUITests.swift in Sources */,
			);
			runOnlyForDeploymentPostprocessing = 0;
		};
/* End PBXSourcesBuildPhase section */

/* Begin PBXTargetDependency section */
		92B7C9152A3A40F400672F64 /* PBXTargetDependency */ = {
			isa = PBXTargetDependency;
			target = 92B7C8F92A3A40EB00672F64 /* Spud */;
			targetProxy = 92B7C9142A3A40F400672F64 /* PBXContainerItemProxy */;
		};
		92B7C91F2A3A40F400672F64 /* PBXTargetDependency */ = {
			isa = PBXTargetDependency;
			target = 92B7C8F92A3A40EB00672F64 /* Spud */;
			targetProxy = 92B7C91E2A3A40F400672F64 /* PBXContainerItemProxy */;
		};
/* End PBXTargetDependency section */

/* Begin PBXVariantGroup section */
		92B7C90B2A3A40F400672F64 /* LaunchScreen.storyboard */ = {
			isa = PBXVariantGroup;
			children = (
				92B7C90C2A3A40F400672F64 /* Base */,
			);
			name = LaunchScreen.storyboard;
			sourceTree = "<group>";
		};
/* End PBXVariantGroup section */

/* Begin XCBuildConfiguration section */
		92B7C9252A3A40F400672F64 /* Debug */ = {
			isa = XCBuildConfiguration;
			buildSettings = {
				ALWAYS_SEARCH_USER_PATHS = NO;
				CLANG_ANALYZER_NONNULL = YES;
				CLANG_ANALYZER_NUMBER_OBJECT_CONVERSION = YES_AGGRESSIVE;
				CLANG_CXX_LANGUAGE_STANDARD = "gnu++17";
				CLANG_CXX_LIBRARY = "libc++";
				CLANG_ENABLE_MODULES = YES;
				CLANG_ENABLE_OBJC_ARC = YES;
				CLANG_ENABLE_OBJC_WEAK = YES;
				CLANG_WARN_BLOCK_CAPTURE_AUTORELEASING = YES;
				CLANG_WARN_BOOL_CONVERSION = YES;
				CLANG_WARN_COMMA = YES;
				CLANG_WARN_CONSTANT_CONVERSION = YES;
				CLANG_WARN_DEPRECATED_OBJC_IMPLEMENTATIONS = YES;
				CLANG_WARN_DIRECT_OBJC_ISA_USAGE = YES_ERROR;
				CLANG_WARN_DOCUMENTATION_COMMENTS = YES;
				CLANG_WARN_EMPTY_BODY = YES;
				CLANG_WARN_ENUM_CONVERSION = YES;
				CLANG_WARN_INFINITE_RECURSION = YES;
				CLANG_WARN_INT_CONVERSION = YES;
				CLANG_WARN_NON_LITERAL_NULL_CONVERSION = YES;
				CLANG_WARN_OBJC_IMPLICIT_RETAIN_SELF = YES;
				CLANG_WARN_OBJC_LITERAL_CONVERSION = YES;
				CLANG_WARN_OBJC_ROOT_CLASS = YES_ERROR;
				CLANG_WARN_QUOTED_INCLUDE_IN_FRAMEWORK_HEADER = YES;
				CLANG_WARN_RANGE_LOOP_ANALYSIS = YES;
				CLANG_WARN_STRICT_PROTOTYPES = YES;
				CLANG_WARN_SUSPICIOUS_MOVE = YES;
				CLANG_WARN_UNGUARDED_AVAILABILITY = YES_AGGRESSIVE;
				CLANG_WARN_UNREACHABLE_CODE = YES;
				CLANG_WARN__DUPLICATE_METHOD_MATCH = YES;
				COPY_PHASE_STRIP = NO;
				DEBUG_INFORMATION_FORMAT = dwarf;
				ENABLE_STRICT_OBJC_MSGSEND = YES;
				ENABLE_TESTABILITY = YES;
				GCC_C_LANGUAGE_STANDARD = gnu11;
				GCC_DYNAMIC_NO_PIC = NO;
				GCC_NO_COMMON_BLOCKS = YES;
				GCC_OPTIMIZATION_LEVEL = 0;
				GCC_PREPROCESSOR_DEFINITIONS = (
					"DEBUG=1",
					"$(inherited)",
				);
				GCC_WARN_64_TO_32_BIT_CONVERSION = YES;
				GCC_WARN_ABOUT_RETURN_TYPE = YES_ERROR;
				GCC_WARN_UNDECLARED_SELECTOR = YES;
				GCC_WARN_UNINITIALIZED_AUTOS = YES_AGGRESSIVE;
				GCC_WARN_UNUSED_FUNCTION = YES;
				GCC_WARN_UNUSED_VARIABLE = YES;
				IPHONEOS_DEPLOYMENT_TARGET = 15.2;
				MTL_ENABLE_DEBUG_INFO = INCLUDE_SOURCE;
				MTL_FAST_MATH = YES;
				ONLY_ACTIVE_ARCH = YES;
				SDKROOT = iphoneos;
				SWIFT_ACTIVE_COMPILATION_CONDITIONS = DEBUG;
				SWIFT_OPTIMIZATION_LEVEL = "-Onone";
			};
			name = Debug;
		};
		92B7C9262A3A40F400672F64 /* Release */ = {
			isa = XCBuildConfiguration;
			buildSettings = {
				ALWAYS_SEARCH_USER_PATHS = NO;
				CLANG_ANALYZER_NONNULL = YES;
				CLANG_ANALYZER_NUMBER_OBJECT_CONVERSION = YES_AGGRESSIVE;
				CLANG_CXX_LANGUAGE_STANDARD = "gnu++17";
				CLANG_CXX_LIBRARY = "libc++";
				CLANG_ENABLE_MODULES = YES;
				CLANG_ENABLE_OBJC_ARC = YES;
				CLANG_ENABLE_OBJC_WEAK = YES;
				CLANG_WARN_BLOCK_CAPTURE_AUTORELEASING = YES;
				CLANG_WARN_BOOL_CONVERSION = YES;
				CLANG_WARN_COMMA = YES;
				CLANG_WARN_CONSTANT_CONVERSION = YES;
				CLANG_WARN_DEPRECATED_OBJC_IMPLEMENTATIONS = YES;
				CLANG_WARN_DIRECT_OBJC_ISA_USAGE = YES_ERROR;
				CLANG_WARN_DOCUMENTATION_COMMENTS = YES;
				CLANG_WARN_EMPTY_BODY = YES;
				CLANG_WARN_ENUM_CONVERSION = YES;
				CLANG_WARN_INFINITE_RECURSION = YES;
				CLANG_WARN_INT_CONVERSION = YES;
				CLANG_WARN_NON_LITERAL_NULL_CONVERSION = YES;
				CLANG_WARN_OBJC_IMPLICIT_RETAIN_SELF = YES;
				CLANG_WARN_OBJC_LITERAL_CONVERSION = YES;
				CLANG_WARN_OBJC_ROOT_CLASS = YES_ERROR;
				CLANG_WARN_QUOTED_INCLUDE_IN_FRAMEWORK_HEADER = YES;
				CLANG_WARN_RANGE_LOOP_ANALYSIS = YES;
				CLANG_WARN_STRICT_PROTOTYPES = YES;
				CLANG_WARN_SUSPICIOUS_MOVE = YES;
				CLANG_WARN_UNGUARDED_AVAILABILITY = YES_AGGRESSIVE;
				CLANG_WARN_UNREACHABLE_CODE = YES;
				CLANG_WARN__DUPLICATE_METHOD_MATCH = YES;
				COPY_PHASE_STRIP = NO;
				DEBUG_INFORMATION_FORMAT = "dwarf-with-dsym";
				ENABLE_NS_ASSERTIONS = NO;
				ENABLE_STRICT_OBJC_MSGSEND = YES;
				GCC_C_LANGUAGE_STANDARD = gnu11;
				GCC_NO_COMMON_BLOCKS = YES;
				GCC_WARN_64_TO_32_BIT_CONVERSION = YES;
				GCC_WARN_ABOUT_RETURN_TYPE = YES_ERROR;
				GCC_WARN_UNDECLARED_SELECTOR = YES;
				GCC_WARN_UNINITIALIZED_AUTOS = YES_AGGRESSIVE;
				GCC_WARN_UNUSED_FUNCTION = YES;
				GCC_WARN_UNUSED_VARIABLE = YES;
				IPHONEOS_DEPLOYMENT_TARGET = 15.2;
				MTL_ENABLE_DEBUG_INFO = NO;
				MTL_FAST_MATH = YES;
				SDKROOT = iphoneos;
				SWIFT_COMPILATION_MODE = wholemodule;
				SWIFT_OPTIMIZATION_LEVEL = "-O";
				VALIDATE_PRODUCT = YES;
			};
			name = Release;
		};
		92B7C9282A3A40F400672F64 /* Debug */ = {
			isa = XCBuildConfiguration;
			buildSettings = {
				ASSETCATALOG_COMPILER_APPICON_NAME = AppIcon;
				ASSETCATALOG_COMPILER_GLOBAL_ACCENT_COLOR_NAME = AccentColor;
				CODE_SIGN_STYLE = Automatic;
				CURRENT_PROJECT_VERSION = 1;
				DEVELOPMENT_TEAM = J8B76VBZ57;
				GENERATE_INFOPLIST_FILE = YES;
				INFOPLIST_FILE = Spud/Resources/Info.plist;
				INFOPLIST_KEY_UIApplicationSupportsIndirectInputEvents = YES;
				INFOPLIST_KEY_UILaunchStoryboardName = LaunchScreen;
				INFOPLIST_KEY_UISupportedInterfaceOrientations_iPad = "UIInterfaceOrientationPortrait UIInterfaceOrientationPortraitUpsideDown UIInterfaceOrientationLandscapeLeft UIInterfaceOrientationLandscapeRight";
				INFOPLIST_KEY_UISupportedInterfaceOrientations_iPhone = "UIInterfaceOrientationPortrait UIInterfaceOrientationLandscapeLeft UIInterfaceOrientationLandscapeRight";
				IPHONEOS_DEPLOYMENT_TARGET = 15.0;
				LD_RUNPATH_SEARCH_PATHS = (
					"$(inherited)",
					"@executable_path/Frameworks",
				);
				MARKETING_VERSION = 1.0;
				PRODUCT_BUNDLE_IDENTIFIER = info.ddenis.Spud;
				PRODUCT_NAME = "$(TARGET_NAME)";
				SWIFT_EMIT_LOC_STRINGS = YES;
				SWIFT_VERSION = 5.0;
				TARGETED_DEVICE_FAMILY = "1,2";
			};
			name = Debug;
		};
		92B7C9292A3A40F400672F64 /* Release */ = {
			isa = XCBuildConfiguration;
			buildSettings = {
				ASSETCATALOG_COMPILER_APPICON_NAME = AppIcon;
				ASSETCATALOG_COMPILER_GLOBAL_ACCENT_COLOR_NAME = AccentColor;
				CODE_SIGN_STYLE = Automatic;
				CURRENT_PROJECT_VERSION = 1;
				DEVELOPMENT_TEAM = J8B76VBZ57;
				GENERATE_INFOPLIST_FILE = YES;
				INFOPLIST_FILE = Spud/Resources/Info.plist;
				INFOPLIST_KEY_UIApplicationSupportsIndirectInputEvents = YES;
				INFOPLIST_KEY_UILaunchStoryboardName = LaunchScreen;
				INFOPLIST_KEY_UISupportedInterfaceOrientations_iPad = "UIInterfaceOrientationPortrait UIInterfaceOrientationPortraitUpsideDown UIInterfaceOrientationLandscapeLeft UIInterfaceOrientationLandscapeRight";
				INFOPLIST_KEY_UISupportedInterfaceOrientations_iPhone = "UIInterfaceOrientationPortrait UIInterfaceOrientationLandscapeLeft UIInterfaceOrientationLandscapeRight";
				IPHONEOS_DEPLOYMENT_TARGET = 15.0;
				LD_RUNPATH_SEARCH_PATHS = (
					"$(inherited)",
					"@executable_path/Frameworks",
				);
				MARKETING_VERSION = 1.0;
				PRODUCT_BUNDLE_IDENTIFIER = info.ddenis.Spud;
				PRODUCT_NAME = "$(TARGET_NAME)";
				SWIFT_EMIT_LOC_STRINGS = YES;
				SWIFT_VERSION = 5.0;
				TARGETED_DEVICE_FAMILY = "1,2";
			};
			name = Release;
		};
		92B7C92B2A3A40F400672F64 /* Debug */ = {
			isa = XCBuildConfiguration;
			buildSettings = {
				ALWAYS_EMBED_SWIFT_STANDARD_LIBRARIES = YES;
				BUNDLE_LOADER = "$(TEST_HOST)";
				CODE_SIGN_STYLE = Automatic;
				CURRENT_PROJECT_VERSION = 1;
				DEVELOPMENT_TEAM = J8B76VBZ57;
				GENERATE_INFOPLIST_FILE = YES;
				IPHONEOS_DEPLOYMENT_TARGET = 15.2;
				MARKETING_VERSION = 1.0;
				PRODUCT_BUNDLE_IDENTIFIER = info.ddenis.SpudTests;
				PRODUCT_NAME = "$(TARGET_NAME)";
				SWIFT_EMIT_LOC_STRINGS = NO;
				SWIFT_VERSION = 5.0;
				TARGETED_DEVICE_FAMILY = "1,2";
				TEST_HOST = "$(BUILT_PRODUCTS_DIR)/Spud.app/Spud";
			};
			name = Debug;
		};
		92B7C92C2A3A40F400672F64 /* Release */ = {
			isa = XCBuildConfiguration;
			buildSettings = {
				ALWAYS_EMBED_SWIFT_STANDARD_LIBRARIES = YES;
				BUNDLE_LOADER = "$(TEST_HOST)";
				CODE_SIGN_STYLE = Automatic;
				CURRENT_PROJECT_VERSION = 1;
				DEVELOPMENT_TEAM = J8B76VBZ57;
				GENERATE_INFOPLIST_FILE = YES;
				IPHONEOS_DEPLOYMENT_TARGET = 15.2;
				MARKETING_VERSION = 1.0;
				PRODUCT_BUNDLE_IDENTIFIER = info.ddenis.SpudTests;
				PRODUCT_NAME = "$(TARGET_NAME)";
				SWIFT_EMIT_LOC_STRINGS = NO;
				SWIFT_VERSION = 5.0;
				TARGETED_DEVICE_FAMILY = "1,2";
				TEST_HOST = "$(BUILT_PRODUCTS_DIR)/Spud.app/Spud";
			};
			name = Release;
		};
		92B7C92E2A3A40F400672F64 /* Debug */ = {
			isa = XCBuildConfiguration;
			buildSettings = {
				ALWAYS_EMBED_SWIFT_STANDARD_LIBRARIES = YES;
				CODE_SIGN_STYLE = Automatic;
				CURRENT_PROJECT_VERSION = 1;
				DEVELOPMENT_TEAM = J8B76VBZ57;
				GENERATE_INFOPLIST_FILE = YES;
				MARKETING_VERSION = 1.0;
				PRODUCT_BUNDLE_IDENTIFIER = info.ddenis.SpudUITests;
				PRODUCT_NAME = "$(TARGET_NAME)";
				SWIFT_EMIT_LOC_STRINGS = NO;
				SWIFT_VERSION = 5.0;
				TARGETED_DEVICE_FAMILY = "1,2";
				TEST_TARGET_NAME = Spud;
			};
			name = Debug;
		};
		92B7C92F2A3A40F400672F64 /* Release */ = {
			isa = XCBuildConfiguration;
			buildSettings = {
				ALWAYS_EMBED_SWIFT_STANDARD_LIBRARIES = YES;
				CODE_SIGN_STYLE = Automatic;
				CURRENT_PROJECT_VERSION = 1;
				DEVELOPMENT_TEAM = J8B76VBZ57;
				GENERATE_INFOPLIST_FILE = YES;
				MARKETING_VERSION = 1.0;
				PRODUCT_BUNDLE_IDENTIFIER = info.ddenis.SpudUITests;
				PRODUCT_NAME = "$(TARGET_NAME)";
				SWIFT_EMIT_LOC_STRINGS = NO;
				SWIFT_VERSION = 5.0;
				TARGETED_DEVICE_FAMILY = "1,2";
				TEST_TARGET_NAME = Spud;
			};
			name = Release;
		};
/* End XCBuildConfiguration section */

/* Begin XCConfigurationList section */
		92B7C8F52A3A40EB00672F64 /* Build configuration list for PBXProject "Spud" */ = {
			isa = XCConfigurationList;
			buildConfigurations = (
				92B7C9252A3A40F400672F64 /* Debug */,
				92B7C9262A3A40F400672F64 /* Release */,
			);
			defaultConfigurationIsVisible = 0;
			defaultConfigurationName = Release;
		};
		92B7C9272A3A40F400672F64 /* Build configuration list for PBXNativeTarget "Spud" */ = {
			isa = XCConfigurationList;
			buildConfigurations = (
				92B7C9282A3A40F400672F64 /* Debug */,
				92B7C9292A3A40F400672F64 /* Release */,
			);
			defaultConfigurationIsVisible = 0;
			defaultConfigurationName = Release;
		};
		92B7C92A2A3A40F400672F64 /* Build configuration list for PBXNativeTarget "SpudTests" */ = {
			isa = XCConfigurationList;
			buildConfigurations = (
				92B7C92B2A3A40F400672F64 /* Debug */,
				92B7C92C2A3A40F400672F64 /* Release */,
			);
			defaultConfigurationIsVisible = 0;
			defaultConfigurationName = Release;
		};
		92B7C92D2A3A40F400672F64 /* Build configuration list for PBXNativeTarget "SpudUITests" */ = {
			isa = XCConfigurationList;
			buildConfigurations = (
				92B7C92E2A3A40F400672F64 /* Debug */,
				92B7C92F2A3A40F400672F64 /* Release */,
			);
			defaultConfigurationIsVisible = 0;
			defaultConfigurationName = Release;
		};
/* End XCConfigurationList section */

/* Begin XCSwiftPackageProductDependency section */
		92B7C9452A3A5E7100672F64 /* LemmyKit */ = {
			isa = XCSwiftPackageProductDependency;
			productName = LemmyKit;
		};
/* End XCSwiftPackageProductDependency section */

/* Begin XCVersionGroup section */
		92B7C9062A3A40EB00672F64 /* DataStore.xcdatamodeld */ = {
			isa = XCVersionGroup;
			children = (
				92B7C9072A3A40EB00672F64 /* Spud.xcdatamodel */,
			);
			currentVersion = 92B7C9072A3A40EB00672F64 /* Spud.xcdatamodel */;
			path = DataStore.xcdatamodeld;
			sourceTree = "<group>";
			versionGroupType = wrapper.xcdatamodel;
		};
/* End XCVersionGroup section */
	};
	rootObject = 92B7C8F22A3A40EB00672F64 /* Project object */;
}
